
Microsoft Visual Studio Solution File, Format Version 12.00
# Visual Studio 2013
VisualStudioVersion = 12.0.31101.0
MinimumVisualStudioVersion = 10.0.40219.1
Project("{FAE04EC0-301F-11D3-BF4B-00C04F79EFBC}") = "SD.Framework.Data", "SD.Framework.Data\SD.Framework.Data.csproj", "{308D88EA-E225-4E69-8F4B-8041AEDE2964}"
EndProject
Project("{2150E333-8FDC-42A3-9474-1A3956D46DE8}") = "Test", "Test", "{D281160F-3CCB-4C2A-93E4-C91D2D108A39}"
EndProject
Project("{FAE04EC0-301F-11D3-BF4B-00C04F79EFBC}") = "SD.Framework.Data.Test", "Test\SD.Framework.Data.Test\SD.Framework.Data.Test.csproj", "{ECDD44B7-EA27-4568-A01D-33105DC3C4B2}"
EndProject
Project("{2150E333-8FDC-42A3-9474-1A3956D46DE8}") = "Solution Items", "Solution Items", "{A0DBCB72-849E-47C7-A894-9C49400B1FFE}"
	ProjectSection(SolutionItems) = preProject
		readme.txt = readme.txt
	EndProjectSection
EndProject
Global
	GlobalSection(SolutionConfigurationPlatforms) = preSolution
		Debug|Any CPU = Debug|Any CPU
		Release|Any CPU = Release|Any CPU
	EndGlobalSection
	GlobalSection(ProjectConfigurationPlatforms) = postSolution
		{308D88EA-E225-4E69-8F4B-8041AEDE2964}.Debug|Any CPU.ActiveCfg = Debug|Any CPU
		{308D88EA-E225-4E69-8F4B-8041AEDE2964}.Debug|Any CPU.Build.0 = Debug|Any CPU
		{308D88EA-E225-4E69-8F4B-8041AEDE2964}.Release|Any CPU.ActiveCfg = Release|Any CPU
		{308D88EA-E225-4E69-8F4B-8041AEDE2964}.Release|Any CPU.Build.0 = Release|Any CPU
		{ECDD44B7-EA27-4568-A01D-33105DC3C4B2}.Debug|Any CPU.ActiveCfg = Debug|Any CPU
		{ECDD44B7-EA27-4568-A01D-33105DC3C4B2}.Debug|Any CPU.Build.0 = Debug|Any CPU
		{ECDD44B7-EA27-4568-A01D-33105DC3C4B2}.Release|Any CPU.ActiveCfg = Release|Any CPU
		{ECDD44B7-EA27-4568-A01D-33105DC3C4B2}.Release|Any CPU.Build.0 = Release|Any CPU
	EndGlobalSection
	GlobalSection(SolutionProperties) = preSolution
		HideSolutionNode = FALSE
	EndGlobalSection
	GlobalSection(NestedProjects) = preSolution
		{ECDD44B7-EA27-4568-A01D-33105DC3C4B2} = {D281160F-3CCB-4C2A-93E4-C91D2D108A39}
	EndGlobalSection
EndGlobal
